
Microsoft Visual Studio Solution File, Format Version 12.00
# Visual Studio Version 16
VisualStudioVersion = 16.0.30907.101
MinimumVisualStudioVersion = 10.0.40219.1
Project("{9A19103F-16F7-4668-BE54-9A1E7A4F7556}") = "FirstExercise", "FirstExercise\FirstExercise.csproj", "{BEFE8A9E-0059-4E33-9169-4E7C56869A53}"
EndProject
Global
	GlobalSection(SolutionConfigurationPlatforms) = preSolution
		Debug|Any CPU = Debug|Any CPU
		Release|Any CPU = Release|Any CPU
	EndGlobalSection
	GlobalSection(ProjectConfigurationPlatforms) = postSolution
		{BEFE8A9E-0059-4E33-9169-4E7C56869A53}.Debug|Any CPU.ActiveCfg = Debug|Any CPU
		{BEFE8A9E-0059-4E33-9169-4E7C56869A53}.Debug|Any CPU.Build.0 = Debug|Any CPU
		{BEFE8A9E-0059-4E33-9169-4E7C56869A53}.Release|Any CPU.ActiveCfg = Release|Any CPU
		{BEFE8A9E-0059-4E33-9169-4E7C56869A53}.Release|Any CPU.Build.0 = Release|Any CPU
	EndGlobalSection
	GlobalSection(SolutionProperties) = preSolution
		HideSolutionNode = FALSE
	EndGlobalSection
	GlobalSection(ExtensibilityGlobals) = postSolution
		SolutionGuid = {D5FC8F25-1B20-4A9F-9D2E-458F1C70D906}
	EndGlobalSection
EndGlobal
